
Microsoft Visual Studio Solution File, Format Version 12.00
# Visual Studio Version 16
VisualStudioVersion = 16.0.30804.86
MinimumVisualStudioVersion = 10.0.40219.1
Project("{FAE04EC0-301F-11D3-BF4B-00C04F79EFBC}") = "Les1CS-BO", "Les1CS-BO\Les1CS-BO.csproj", "{F4FEBBBF-B334-4D98-BC8B-8D7F6310347C}"
EndProject
Global
	GlobalSection(SolutionConfigurationPlatforms) = preSolution
		Debug|Any CPU = Debug|Any CPU
		Release|Any CPU = Release|Any CPU
	EndGlobalSection
	GlobalSection(ProjectConfigurationPlatforms) = postSolution
		{F4FEBBBF-B334-4D98-BC8B-8D7F6310347C}.Debug|Any CPU.ActiveCfg = Debug|Any CPU
		{F4FEBBBF-B334-4D98-BC8B-8D7F6310347C}.Debug|Any CPU.Build.0 = Debug|Any CPU
		{F4FEBBBF-B334-4D98-BC8B-8D7F6310347C}.Release|Any CPU.ActiveCfg = Release|Any CPU
		{F4FEBBBF-B334-4D98-BC8B-8D7F6310347C}.Release|Any CPU.Build.0 = Release|Any CPU
	EndGlobalSection
	GlobalSection(SolutionProperties) = preSolution
		HideSolutionNode = FALSE
	EndGlobalSection
	GlobalSection(ExtensibilityGlobals) = postSolution
		SolutionGuid = {E19D5F83-F920-453B-84F1-0E727C9B429E}
	EndGlobalSection
EndGlobal
